
Microsoft Visual Studio Solution File, Format Version 12.00
# Visual Studio Version 17
VisualStudioVersion = 17.11.35312.102
MinimumVisualStudioVersion = 10.0.40219.1
Project("{FAE04EC0-301F-11D3-BF4B-00C04F79EFBC}") = "WinFS_DZ_1", "WinFS_DZ_1.csproj", "{225DBA0D-5E47-4408-AC63-1851B441D060}"
EndProject
Global
	GlobalSection(SolutionConfigurationPlatforms) = preSolution
		Debug|Any CPU = Debug|Any CPU
		Release|Any CPU = Release|Any CPU
	EndGlobalSection
	GlobalSection(ProjectConfigurationPlatforms) = postSolution
		{225DBA0D-5E47-4408-AC63-1851B441D060}.Debug|Any CPU.ActiveCfg = Debug|Any CPU
		{225DBA0D-5E47-4408-AC63-1851B441D060}.Debug|Any CPU.Build.0 = Debug|Any CPU
		{225DBA0D-5E47-4408-AC63-1851B441D060}.Release|Any CPU.ActiveCfg = Release|Any CPU
		{225DBA0D-5E47-4408-AC63-1851B441D060}.Release|Any CPU.Build.0 = Release|Any CPU
	EndGlobalSection
	GlobalSection(SolutionProperties) = preSolution
		HideSolutionNode = FALSE
	EndGlobalSection
	GlobalSection(ExtensibilityGlobals) = postSolution
		SolutionGuid = {B3DE5C78-1CCE-436E-9E4A-B9C435C5D874}
	EndGlobalSection
EndGlobal
